// !$*UTF8*$!
{
	archiveVersion = 1;
	classes = {
	};
	objectVersion = 50;
	objects = {

/* Begin PBXBuildFile section */
		942C3E2C20FB60FD008332BA /* Assets.xcassets in Resources */ = {isa = PBXBuildFile; fileRef = 942C3E2B20FB60FD008332BA /* Assets.xcassets */; };
		94A1EB1C20EDEEFA00FF8BF8 /* AppDelegate.swift in Sources */ = {isa = PBXBuildFile; fileRef = 94A1EB1B20EDEEFA00FF8BF8 /* AppDelegate.swift */; };
		94A1EB1E20EDEEFA00FF8BF8 /* ViewController.swift in Sources */ = {isa = PBXBuildFile; fileRef = 94A1EB1D20EDEEFA00FF8BF8 /* ViewController.swift */; };
		94A1EB2120EDEEFA00FF8BF8 /* Main.storyboard in Resources */ = {isa = PBXBuildFile; fileRef = 94A1EB1F20EDEEFA00FF8BF8 /* Main.storyboard */; };
		94A1EB2420EDEEFA00FF8BF8 /* WorkoutApp2.xcdatamodeld in Sources */ = {isa = PBXBuildFile; fileRef = 94A1EB2220EDEEFA00FF8BF8 /* WorkoutApp2.xcdatamodeld */; };
		94A1EB2920EDEEFE00FF8BF8 /* LaunchScreen.storyboard in Resources */ = {isa = PBXBuildFile; fileRef = 94A1EB2720EDEEFE00FF8BF8 /* LaunchScreen.storyboard */; };
		94C6982720F9F10200338572 /* Hansief Rough.otf in Resources */ = {isa = PBXBuildFile; fileRef = 94C6982620F9F10200338572 /* Hansief Rough.otf */; };
/* End PBXBuildFile section */

/* Begin PBXFileReference section */
		942C3E2B20FB60FD008332BA /* Assets.xcassets */ = {isa = PBXFileReference; lastKnownFileType = folder.assetcatalog; path = Assets.xcassets; sourceTree = "<group>"; };
		94A1EB1820EDEEFA00FF8BF8 /* Workout.app */ = {isa = PBXFileReference; explicitFileType = wrapper.application; includeInIndex = 0; path = Workout.app; sourceTree = BUILT_PRODUCTS_DIR; };
		94A1EB1B20EDEEFA00FF8BF8 /* AppDelegate.swift */ = {isa = PBXFileReference; lastKnownFileType = sourcecode.swift; path = AppDelegate.swift; sourceTree = "<group>"; };
		94A1EB1D20EDEEFA00FF8BF8 /* ViewController.swift */ = {isa = PBXFileReference; lastKnownFileType = sourcecode.swift; path = ViewController.swift; sourceTree = "<group>"; };
		94A1EB2020EDEEFA00FF8BF8 /* Base */ = {isa = PBXFileReference; lastKnownFileType = file.storyboard; name = Base; path = Base.lproj/Main.storyboard; sourceTree = "<group>"; };
		94A1EB2320EDEEFA00FF8BF8 /* WorkoutApp2.xcdatamodel */ = {isa = PBXFileReference; lastKnownFileType = wrapper.xcdatamodel; path = WorkoutApp2.xcdatamodel; sourceTree = "<group>"; };
		94A1EB2820EDEEFE00FF8BF8 /* Base */ = {isa = PBXFileReference; lastKnownFileType = file.storyboard; name = Base; path = Base.lproj/LaunchScreen.storyboard; sourceTree = "<group>"; };
		94A1EB2A20EDEEFE00FF8BF8 /* Info.plist */ = {isa = PBXFileReference; lastKnownFileType = text.plist.xml; path = Info.plist; sourceTree = "<group>"; };
		94C6982620F9F10200338572 /* Hansief Rough.otf */ = {isa = PBXFileReference; lastKnownFileType = file; path = "Hansief Rough.otf"; sourceTree = "<group>"; };
/* End PBXFileReference section */

/* Begin PBXFrameworksBuildPhase section */
		94A1EB1520EDEEFA00FF8BF8 /* Frameworks */ = {
			isa = PBXFrameworksBuildPhase;
			buildActionMask = 2147483647;
			files = (
			);
			runOnlyForDeploymentPostprocessing = 0;
		};
/* End PBXFrameworksBuildPhase section */

/* Begin PBXGroup section */
		94A1EB0F20EDEEFA00FF8BF8 = {
			isa = PBXGroup;
			children = (
				94A1EB1A20EDEEFA00FF8BF8 /* WorkoutApp2 */,
				94A1EB1920EDEEFA00FF8BF8 /* Products */,
			);
			sourceTree = "<group>";
		};
		94A1EB1920EDEEFA00FF8BF8 /* Products */ = {
			isa = PBXGroup;
			children = (
				94A1EB1820EDEEFA00FF8BF8 /* Workout.app */,
			);
			name = Products;
			sourceTree = "<group>";
		};
		94A1EB1A20EDEEFA00FF8BF8 /* WorkoutApp2 */ = {
			isa = PBXGroup;
			children = (
				94A1EB1B20EDEEFA00FF8BF8 /* AppDelegate.swift */,
				94A1EB1D20EDEEFA00FF8BF8 /* ViewController.swift */,
				94A1EB1F20EDEEFA00FF8BF8 /* Main.storyboard */,
				94A1EB2720EDEEFE00FF8BF8 /* LaunchScreen.storyboard */,
				94A1EB2A20EDEEFE00FF8BF8 /* Info.plist */,
				942C3E2B20FB60FD008332BA /* Assets.xcassets */,
				94C6982620F9F10200338572 /* Hansief Rough.otf */,
				94A1EB2220EDEEFA00FF8BF8 /* WorkoutApp2.xcdatamodeld */,
			);
			path = WorkoutApp2;
			sourceTree = "<group>";
		};
/* End PBXGroup section */

/* Begin PBXNativeTarget section */
		94A1EB1720EDEEFA00FF8BF8 /* Workout */ = {
			isa = PBXNativeTarget;
			buildConfigurationList = 94A1EB2D20EDEEFE00FF8BF8 /* Build configuration list for PBXNativeTarget "Workout" */;
			buildPhases = (
				94A1EB1420EDEEFA00FF8BF8 /* Sources */,
				94A1EB1520EDEEFA00FF8BF8 /* Frameworks */,
				94A1EB1620EDEEFA00FF8BF8 /* Resources */,
			);
			buildRules = (
			);
			dependencies = (
			);
			name = Workout;
			productName = WorkoutApp2;
			productReference = 94A1EB1820EDEEFA00FF8BF8 /* Workout.app */;
			productType = "com.apple.product-type.application";
		};
/* End PBXNativeTarget section */

/* Begin PBXProject section */
		94A1EB1020EDEEFA00FF8BF8 /* Project object */ = {
			isa = PBXProject;
			attributes = {
				LastSwiftUpdateCheck = 0940;
				LastUpgradeCheck = 0940;
				ORGANIZATIONNAME = "RYAN DEATHRIDGE";
				TargetAttributes = {
					94A1EB1720EDEEFA00FF8BF8 = {
						CreatedOnToolsVersion = 9.4.1;
					};
				};
			};
			buildConfigurationList = 94A1EB1320EDEEFA00FF8BF8 /* Build configuration list for PBXProject "Workout" */;
			compatibilityVersion = "Xcode 9.3";
			developmentRegion = en;
			hasScannedForEncodings = 0;
			knownRegions = (
				en,
				Base,
			);
			mainGroup = 94A1EB0F20EDEEFA00FF8BF8;
			productRefGroup = 94A1EB1920EDEEFA00FF8BF8 /* Products */;
			projectDirPath = "";
			projectRoot = "";
			targets = (
				94A1EB1720EDEEFA00FF8BF8 /* Workout */,
			);
		};
/* End PBXProject section */

/* Begin PBXResourcesBuildPhase section */
		94A1EB1620EDEEFA00FF8BF8 /* Resources */ = {
			isa = PBXResourcesBuildPhase;
			buildActionMask = 2147483647;
			files = (
				94A1EB2920EDEEFE00FF8BF8 /* LaunchScreen.storyboard in Resources */,
				94A1EB2120EDEEFA00FF8BF8 /* Main.storyboard in Resources */,
				942C3E2C20FB60FD008332BA /* Assets.xcassets in Resources */,
				94C6982720F9F10200338572 /* Hansief Rough.otf in Resources */,
			);
			runOnlyForDeploymentPostprocessing = 0;
		};
/* End PBXResourcesBuildPhase section */

/* Begin PBXSourcesBuildPhase section */
		94A1EB1420EDEEFA00FF8BF8 /* Sources */ = {
			isa = PBXSourcesBuildPhase;
			buildActionMask = 2147483647;
			files = (
				94A1EB1E20EDEEFA00FF8BF8 /* ViewController.swift in Sources */,
				94A1EB2420EDEEFA00FF8BF8 /* WorkoutApp2.xcdatamodeld in Sources */,
				94A1EB1C20EDEEFA00FF8BF8 /* AppDelegate.swift in Sources */,
			);
			runOnlyForDeploymentPostprocessing = 0;
		};
/* End PBXSourcesBuildPhase section */

/* Begin PBXVariantGroup section */
		94A1EB1F20EDEEFA00FF8BF8 /* Main.storyboard */ = {
			isa = PBXVariantGroup;
			children = (
				94A1EB2020EDEEFA00FF8BF8 /* Base */,
			);
			name = Main.storyboard;
			sourceTree = "<group>";
		};
		94A1EB2720EDEEFE00FF8BF8 /* LaunchScreen.storyboard */ = {
			isa = PBXVariantGroup;
			children = (
				94A1EB2820EDEEFE00FF8BF8 /* Base */,
			);
			name = LaunchScreen.storyboard;
			sourceTree = "<group>";
		};
/* End PBXVariantGroup section */

/* Begin XCBuildConfiguration section */
		94A1EB2B20EDEEFE00FF8BF8 /* Debug */ = {
			isa = XCBuildConfiguration;
			buildSettings = {
				ALWAYS_SEARCH_USER_PATHS = NO;
				CLANG_ANALYZER_NONNULL = YES;
				CLANG_ANALYZER_NUMBER_OBJECT_CONVERSION = YES_AGGRESSIVE;
				CLANG_CXX_LANGUAGE_STANDARD = "gnu++14";
				CLANG_CXX_LIBRARY = "libc++";
				CLANG_ENABLE_MODULES = YES;
				CLANG_ENABLE_OBJC_ARC = YES;
				CLANG_ENABLE_OBJC_WEAK = YES;
				CLANG_WARN_BLOCK_CAPTURE_AUTORELEASING = YES;
				CLANG_WARN_BOOL_CONVERSION = YES;
				CLANG_WARN_COMMA = YES;
				CLANG_WARN_CONSTANT_CONVERSION = YES;
				CLANG_WARN_DEPRECATED_OBJC_IMPLEMENTATIONS = YES;
				CLANG_WARN_DIRECT_OBJC_ISA_USAGE = YES_ERROR;
				CLANG_WARN_DOCUMENTATION_COMMENTS = YES;
				CLANG_WARN_EMPTY_BODY = YES;
				CLANG_WARN_ENUM_CONVERSION = YES;
				CLANG_WARN_INFINITE_RECURSION = YES;
				CLANG_WARN_INT_CONVERSION = YES;
				CLANG_WARN_NON_LITERAL_NULL_CONVERSION = YES;
				CLANG_WARN_OBJC_IMPLICIT_RETAIN_SELF = YES;
				CLANG_WARN_OBJC_LITERAL_CONVERSION = YES;
				CLANG_WARN_OBJC_ROOT_CLASS = YES_ERROR;
				CLANG_WARN_RANGE_LOOP_ANALYSIS = YES;
				CLANG_WARN_STRICT_PROTOTYPES = YES;
				CLANG_WARN_SUSPICIOUS_MOVE = YES;
				CLANG_WARN_UNGUARDED_AVAILABILITY = YES_AGGRESSIVE;
				CLANG_WARN_UNREACHABLE_CODE = YES;
				CLANG_WARN__DUPLICATE_METHOD_MATCH = YES;
				CODE_SIGN_IDENTITY = "iPhone Developer";
				COPY_PHASE_STRIP = NO;
				DEBUG_INFORMATION_FORMAT = dwarf;
				ENABLE_STRICT_OBJC_MSGSEND = YES;
				ENABLE_TESTABILITY = YES;
				GCC_C_LANGUAGE_STANDARD = gnu11;
				GCC_DYNAMIC_NO_PIC = NO;
				GCC_NO_COMMON_BLOCKS = YES;
				GCC_OPTIMIZATION_LEVEL = 0;
				GCC_PREPROCESSOR_DEFINITIONS = (
					"DEBUG=1",
					"$(inherited)",
				);
				GCC_WARN_64_TO_32_BIT_CONVERSION = YES;
				GCC_WARN_ABOUT_RETURN_TYPE = YES_ERROR;
				GCC_WARN_UNDECLARED_SELECTOR = YES;
				GCC_WARN_UNINITIALIZED_AUTOS = YES_AGGRESSIVE;
				GCC_WARN_UNUSED_FUNCTION = YES;
				GCC_WARN_UNUSED_VARIABLE = YES;
				IPHONEOS_DEPLOYMENT_TARGET = 11.4;
				MTL_ENABLE_DEBUG_INFO = YES;
				ONLY_ACTIVE_ARCH = YES;
				SDKROOT = iphoneos;
				SWIFT_ACTIVE_COMPILATION_CONDITIONS = DEBUG;
				SWIFT_OPTIMIZATION_LEVEL = "-Onone";
			};
			name = Debug;
		};
		94A1EB2C20EDEEFE00FF8BF8 /* Release */ = {
			isa = XCBuildConfiguration;
			buildSettings = {
				ALWAYS_SEARCH_USER_PATHS = NO;
				CLANG_ANALYZER_NONNULL = YES;
				CLANG_ANALYZER_NUMBER_OBJECT_CONVERSION = YES_AGGRESSIVE;
				CLANG_CXX_LANGUAGE_STANDARD = "gnu++14";
				CLANG_CXX_LIBRARY = "libc++";
				CLANG_ENABLE_MODULES = YES;
				CLANG_ENABLE_OBJC_ARC = YES;
				CLANG_ENABLE_OBJC_WEAK = YES;
				CLANG_WARN_BLOCK_CAPTURE_AUTORELEASING = YES;
				CLANG_WARN_BOOL_CONVERSION = YES;
				CLANG_WARN_COMMA = YES;
				CLANG_WARN_CONSTANT_CONVERSION = YES;
				CLANG_WARN_DEPRECATED_OBJC_IMPLEMENTATIONS = YES;
				CLANG_WARN_DIRECT_OBJC_ISA_USAGE = YES_ERROR;
				CLANG_WARN_DOCUMENTATION_COMMENTS = YES;
				CLANG_WARN_EMPTY_BODY = YES;
				CLANG_WARN_ENUM_CONVERSION = YES;
				CLANG_WARN_INFINITE_RECURSION = YES;
				CLANG_WARN_INT_CONVERSION = YES;
				CLANG_WARN_NON_LITERAL_NULL_CONVERSION = YES;
				CLANG_WARN_OBJC_IMPLICIT_RETAIN_SELF = YES;
				CLANG_WARN_OBJC_LITERAL_CONVERSION = YES;
				CLANG_WARN_OBJC_ROOT_CLASS = YES_ERROR;
				CLANG_WARN_RANGE_LOOP_ANALYSIS = YES;
				CLANG_WARN_STRICT_PROTOTYPES = YES;
				CLANG_WARN_SUSPICIOUS_MOVE = YES;
				CLANG_WARN_UNGUARDED_AVAILABILITY = YES_AGGRESSIVE;
				CLANG_WARN_UNREACHABLE_CODE = YES;
				CLANG_WARN__DUPLICATE_METHOD_MATCH = YES;
				CODE_SIGN_IDENTITY = "iPhone Developer";
				COPY_PHASE_STRIP = NO;
				DEBUG_INFORMATION_FORMAT = "dwarf-with-dsym";
				ENABLE_NS_ASSERTIONS = NO;
				ENABLE_STRICT_OBJC_MSGSEND = YES;
				GCC_C_LANGUAGE_STANDARD = gnu11;
				GCC_NO_COMMON_BLOCKS = YES;
				GCC_WARN_64_TO_32_BIT_CONVERSION = YES;
				GCC_WARN_ABOUT_RETURN_TYPE = YES_ERROR;
				GCC_WARN_UNDECLARED_SELECTOR = YES;
				GCC_WARN_UNINITIALIZED_AUTOS = YES_AGGRESSIVE;
				GCC_WARN_UNUSED_FUNCTION = YES;
				GCC_WARN_UNUSED_VARIABLE = YES;
				IPHONEOS_DEPLOYMENT_TARGET = 11.4;
				MTL_ENABLE_DEBUG_INFO = NO;
				SDKROOT = iphoneos;
				SWIFT_COMPILATION_MODE = wholemodule;
				SWIFT_OPTIMIZATION_LEVEL = "-O";
				VALIDATE_PRODUCT = YES;
			};
			name = Release;
		};
		94A1EB2E20EDEEFE00FF8BF8 /* Debug */ = {
			isa = XCBuildConfiguration;
			buildSettings = {
				ASSETCATALOG_COMPILER_APPICON_NAME = AppIcon;
				ASSETCATALOG_COMPILER_LAUNCHIMAGE_NAME = LaunchImage;
				CODE_SIGN_STYLE = Automatic;
				DEVELOPMENT_TEAM = 5SJE2W8W5S;
				INFOPLIST_FILE = WorkoutApp2/Info.plist;
				LD_RUNPATH_SEARCH_PATHS = (
					"$(inherited)",
					"@executable_path/Frameworks",
				);
				PRODUCT_BUNDLE_IDENTIFIER = com.deathridge.WorkoutApp2;
				PRODUCT_NAME = "$(TARGET_NAME)";
				SWIFT_VERSION = 4.0;
				TARGETED_DEVICE_FAMILY = 1;
			};
			name = Debug;
		};
		94A1EB2F20EDEEFE00FF8BF8 /* Release */ = {
			isa = XCBuildConfiguration;
			buildSettings = {
				ASSETCATALOG_COMPILER_APPICON_NAME = AppIcon;
				ASSETCATALOG_COMPILER_LAUNCHIMAGE_NAME = LaunchImage;
				CODE_SIGN_STYLE = Automatic;
				DEVELOPMENT_TEAM = 5SJE2W8W5S;
				INFOPLIST_FILE = WorkoutApp2/Info.plist;
				LD_RUNPATH_SEARCH_PATHS = (
					"$(inherited)",
					"@executable_path/Frameworks",
				);
				PRODUCT_BUNDLE_IDENTIFIER = com.deathridge.WorkoutApp2;
				PRODUCT_NAME = "$(TARGET_NAME)";
				SWIFT_VERSION = 4.0;
				TARGETED_DEVICE_FAMILY = 1;
			};
			name = Release;
		};
/* End XCBuildConfiguration section */

/* Begin XCConfigurationList section */
		94A1EB1320EDEEFA00FF8BF8 /* Build configuration list for PBXProject "Workout" */ = {
			isa = XCConfigurationList;
			buildConfigurations = (
				94A1EB2B20EDEEFE00FF8BF8 /* Debug */,
				94A1EB2C20EDEEFE00FF8BF8 /* Release */,
			);
			defaultConfigurationIsVisible = 0;
			defaultConfigurationName = Release;
		};
		94A1EB2D20EDEEFE00FF8BF8 /* Build configuration list for PBXNativeTarget "Workout" */ = {
			isa = XCConfigurationList;
			buildConfigurations = (
				94A1EB2E20EDEEFE00FF8BF8 /* Debug */,
				94A1EB2F20EDEEFE00FF8BF8 /* Release */,
			);
			defaultConfigurationIsVisible = 0;
			defaultConfigurationName = Release;
		};
/* End XCConfigurationList section */

/* Begin XCVersionGroup section */
		94A1EB2220EDEEFA00FF8BF8 /* WorkoutApp2.xcdatamodeld */ = {
			isa = XCVersionGroup;
			children = (
				94A1EB2320EDEEFA00FF8BF8 /* WorkoutApp2.xcdatamodel */,
			);
			currentVersion = 94A1EB2320EDEEFA00FF8BF8 /* WorkoutApp2.xcdatamodel */;
			path = WorkoutApp2.xcdatamodeld;
			sourceTree = "<group>";
			versionGroupType = wrapper.xcdatamodel;
		};
/* End XCVersionGroup section */
	};
	rootObject = 94A1EB1020EDEEFA00FF8BF8 /* Project object */;
}
